{
  "name": "netflix-simples",
  "version": "0.1.0",
  "lockfileVersion": 2,
  "requires": true,
  "packages": {
    "": {
      "name": "netflix-simples",
      "version": "0.1.0",
      "license": "ISC",
      "dependencies": {
        "dotenv": "^17.2.3",
        "next": "16.0.1",
        "react": "19.2.0",
        "react-dom": "19.2.0"
      },
      "devDependencies": {
        "@tailwindcss/postcss": "^4",
        "@types/node": "^20",
        "@types/react": "^19",
        "@types/react-dom": "^19",
        "eslint": "^9",
        "eslint-config-next": "16.0.1",
        "tailwindcss": "^4",
        "typescript": "^5"
      }
    },
    "node_modules/dotenv": {
      "version": "17.2.3",
      "resolved": "https://registry.npmjs.org/dotenv/-/dotenv-17.2.3.tgz",
      "integrity": "sha512-PLACEHOLDER",
      "license": "MIT"
    },
    "node_modules/next": {
      "version": "16.0.1",
      "resolved": "https://registry.npmjs.org/next/-/next-16.0.1.tgz",
      "integrity": "sha512-PLACEHOLDER",
      "license": "MIT",
      "dependencies": {}
    },
    "node_modules/react": {
      "version": "19.2.0",
      "resolved": "https://registry.npmjs.org/react/-/react-19.2.0.tgz",
      "integrity": "sha512-PLACEHOLDER",
      "peerDependencies": {}
    },
    "node_modules/react-dom": {
      "version": "19.2.0",
      "resolved": "https://registry.npmjs.org/react-dom/-/react-dom-19.2.0.tgz",
      "integrity": "sha512-PLACEHOLDER",
      "peerDependencies": {
        "react": ">=19.2.0"
      }
    },
    "node_modules/@tailwindcss/postcss": {
      "version": "4.0.0",
      "resolved": "https://registry.npmjs.org/@tailwindcss/postcss/-/postcss-4.0.0.tgz",
      "integrity": "sha512-PLACEHOLDER"
    },
    "node_modules/@types/node": {
      "version": "20.0.0",
      "resolved": "https://registry.npmjs.org/@types/node/-/node-20.0.0.tgz",
      "integrity": "sha512-PLACEHOLDER"
    },
    "node_modules/@types/react": {
      "version": "19.0.0",
      "resolved": "https://registry.npmjs.org/@types/react/-/react-19.0.0.tgz",
      "integrity": "sha512-PLACEHOLDER"
    },
    "node_modules/@types/react-dom": {
      "version": "19.0.0",
      "resolved": "https://registry.npmjs.org/@types/react-dom/-/react-dom-19.0.0.tgz",
      "integrity": "sha512-PLACEHOLDER"
    },
    "node_modules/eslint": {
      "version": "9.0.0",
      "resolved": "https://registry.npmjs.org/eslint/-/eslint-9.0.0.tgz",
      "integrity": "sha512-PLACEHOLDER"
    },
    "node_modules/eslint-config-next": {
      "version": "16.0.1",
      "resolved": "https://registry.npmjs.org/eslint-config-next/-/eslint-config-next-16.0.1.tgz",
      "integrity": "sha512-PLACEHOLDER"
    },
    "node_modules/tailwindcss": {
      "version": "4.0.0",
      "resolved": "https://registry.npmjs.org/tailwindcss/-/tailwindcss-4.0.0.tgz",
      "integrity": "sha512-PLACEHOLDER"
    },
    "node_modules/typescript": {
      "version": "5.0.0",
      "resolved": "https://registry.npmjs.org/typescript/-/typescript-5.0.0.tgz",
      "integrity": "sha512-PLACEHOLDER"
    },
    "node_modules/@next/swc-darwin-arm64": {
      "version": "16.0.1",
      "resolved": "https://registry.npmjs.org/@next/swc-darwin-arm64/-/swc-darwin-arm64-16.0.1.tgz",
      "integrity": "sha512-R0YxRp6/4W7yG1nKbfu41bp3d96a0EalonQXiMe+1H9GTHfKxGNCGFNWUho18avRBPsO8T3RmdWuzmfurlQPbg==",
      "cpu": [
        "arm64"
      ],
      "optional": true,
      "os": [
        "darwin"
      ],
      "engines": {
        "node": ">= 10"
      }
    },
    "node_modules/@next/swc-darwin-x64": {
      "version": "16.0.1",
      "resolved": "https://registry.npmjs.org/@next/swc-darwin-x64/-/swc-darwin-x64-16.0.1.tgz",
      "integrity": "sha512-kETZBocRux3xITiZtOtVoVvXyQLB7VBxN7L6EPqgI5paZiUlnsgYv4q8diTNYeHmF9EiehydOBo20lTttCbHAg==",
      "cpu": [
        "x64"
      ],
      "optional": true,
      "os": [
        "darwin"
      ],
      "engines": {
        "node": ">= 10"
      }
    },
    "node_modules/@next/swc-linux-arm64-gnu": {
      "version": "16.0.1",
      "resolved": "https://registry.npmjs.org/@next/swc-linux-arm64-gnu/-/swc-linux-arm64-gnu-16.0.1.tgz",
      "integrity": "sha512-hWg3BtsxQuSKhfe0LunJoqxjO4NEpBmKkE+P2Sroos7yB//OOX3jD5ISP2wv8QdUwtRehMdwYz6VB50mY6hqAg==",
      "cpu": [
        "arm64"
      ],
      "optional": true,
      "os": [
        "linux"
      ],
      "engines": {
        "node": ">= 10"
      }
    },
    "node_modules/@next/swc-linux-arm64-musl": {
      "version": "16.0.1",
      "resolved": "https://registry.npmjs.org/@next/swc-linux-arm64-musl/-/swc-linux-arm64-musl-16.0.1.tgz",
      "integrity": "sha512-UPnOvYg+fjAhP3b1iQStcYPWeBFRLrugEyK/lDKGk7kLNua8t5/DvDbAEFotfV1YfcOY6bru76qN9qnjLoyHCQ==",
      "cpu": [
        "arm64"
      ],
      "optional": true,
      "os": [
        "linux"
      ],
      "engines": {
        "node": ">= 10"
      }
    },
    "node_modules/@next/swc-linux-x64-gnu": {
      "version": "16.0.1",
      "resolved": "https://registry.npmjs.org/@next/swc-linux-x64-gnu/-/swc-linux-x64-gnu-16.0.1.tgz",
      "integrity": "sha512-Et81SdWkcRqAJziIgFtsFyJizHoWne4fzJkvjd6V4wEkWTB4MX6J0uByUb0peiJQ4WeAt6GGmMszE5KrXK6WKg==",
      "cpu": [
        "x64"
      ],
      "optional": true,
      "os": [
        "linux"
      ],
      "engines": {
        "node": ">= 10"
      }
    },
    "node_modules/@next/swc-linux-x64-musl": {
      "version": "16.0.1",
      "resolved": "https://registry.npmjs.org/@next/swc-linux-x64-musl/-/swc-linux-x64-musl-16.0.1.tgz",
      "integrity": "sha512-qBbgYEBRrC1egcG03FZaVfVxrJm8wBl7vr8UFKplnxNRprctdP26xEv9nJ07Ggq4y1adwa0nz2mz83CELY7N6Q==",
      "cpu": [
        "x64"
      ],
      "optional": true,
      "os": [
        "linux"
      ],
      "engines": {
        "node": ">= 10"
      }
    },
    "node_modules/@next/swc-win32-arm64-msvc": {
      "version": "16.0.1",
      "resolved": "https://registry.npmjs.org/@next/swc-win32-arm64-msvc/-/swc-win32-arm64-msvc-16.0.1.tgz",
      "integrity": "sha512-cPuBjYP6I699/RdbHJonb3BiRNEDm5CKEBuJ6SD8k3oLam2fDRMKAvmrli4QMDgT2ixyRJ0+DTkiODbIQhRkeQ==",
      "cpu": [
        "arm64"
      ],
      "optional": true,
      "os": [
        "win32"
      ],
      "engines": {
        "node": ">= 10"
      }
    },
    "node_modules/@next/swc-win32-x64-msvc": {
      "version": "16.0.1",
      "resolved": "https://registry.npmjs.org/@next/swc-win32-x64-msvc/-/swc-win32-x64-msvc-16.0.1.tgz",
      "integrity": "sha512-XeEUJsE4JYtfrXe/LaJn3z1pD19fK0Q6Er8Qoufi+HqvdO4LEPyCxLUt4rxA+4RfYo6S9gMlmzCMU2F+AatFqQ==",
      "cpu": [
        "x64"
      ],
      "optional": true,
      "os": [
        "win32"
      ],
      "engines": {
        "node": ">= 10"
      }
    }
  },
  "dependencies": {
    "dotenv": {
      "version": "17.2.3",
      "resolved": "https://registry.npmjs.org/dotenv/-/dotenv-17.2.3.tgz",
      "integrity": "sha512-PLACEHOLDER"
    },
    "next": {
      "version": "16.0.1",
      "resolved": "https://registry.npmjs.org/next/-/next-16.0.1.tgz",
      "integrity": "sha512-PLACEHOLDER"
    },
    "react": {
      "version": "19.2.0",
      "resolved": "https://registry.npmjs.org/react/-/react-19.2.0.tgz",
      "integrity": "sha512-PLACEHOLDER"
    },
    "react-dom": {
      "version": "19.2.0",
      "resolved": "https://registry.npmjs.org/react-dom/-/react-dom-19.2.0.tgz",
      "integrity": "sha512-PLACEHOLDER"
    },
    "@next/swc-darwin-arm64": {
      "version": "16.0.1",
      "resolved": "https://registry.npmjs.org/@next/swc-darwin-arm64/-/swc-darwin-arm64-16.0.1.tgz",
      "integrity": "sha512-R0YxRp6/4W7yG1nKbfu41bp3d96a0EalonQXiMe+1H9GTHfKxGNCGFNWUho18avRBPsO8T3RmdWuzmfurlQPbg==",
      "optional": true
    },
    "@next/swc-darwin-x64": {
      "version": "16.0.1",
      "resolved": "https://registry.npmjs.org/@next/swc-darwin-x64/-/swc-darwin-x64-16.0.1.tgz",
      "integrity": "sha512-kETZBocRux3xITiZtOtVoVvXyQLB7VBxN7L6EPqgI5paZiUlnsgYv4q8diTNYeHmF9EiehydOBo20lTttCbHAg==",
      "optional": true
    },
    "@next/swc-linux-arm64-gnu": {
      "version": "16.0.1",
      "resolved": "https://registry.npmjs.org/@next/swc-linux-arm64-gnu/-/swc-linux-arm64-gnu-16.0.1.tgz",
      "integrity": "sha512-hWg3BtsxQuSKhfe0LunJoqxjO4NEpBmKkE+P2Sroos7yB//OOX3jD5ISP2wv8QdUwtRehMdwYz6VB50mY6hqAg==",
      "optional": true
    },
    "@next/swc-linux-arm64-musl": {
      "version": "16.0.1",
      "resolved": "https://registry.npmjs.org/@next/swc-linux-arm64-musl/-/swc-linux-arm64-musl-16.0.1.tgz",
      "integrity": "sha512-UPnOvYg+fjAhP3b1iQStcYPWeBFRLrugEyK/lDKGk7kLNua8t5/DvDbAEFotfV1YfcOY6bru76qN9qnjLoyHCQ==",
      "optional": true
    },
    "@next/swc-linux-x64-gnu": {
      "version": "16.0.1",
      "resolved": "https://registry.npmjs.org/@next/swc-linux-x64-gnu/-/swc-linux-x64-gnu-16.0.1.tgz",
      "integrity": "sha512-Et81SdWkcRqAJziIgFtsFyJizHoWne4fzJkvjd6V4wEkWTB4MX6J0uByUb0peiJQ4WeAt6GGmMszE5KrXK6WKg==",
      "optional": true
    },
    "@next/swc-linux-x64-musl": {
      "version": "16.0.1",
      "resolved": "https://registry.npmjs.org/@next/swc-linux-x64-musl/-/swc-linux-x64-musl-16.0.1.tgz",
      "integrity": "sha512-qBbgYEBRrC1egcG03FZaVfVxrJm8wBl7vr8UFKplnxNRprctdP26xEv9nJ07Ggq4y1adwa0nz2mz83CELY7N6Q==",
      "optional": true
    },
    "@next/swc-win32-arm64-msvc": {
      "version": "16.0.1",
      "resolved": "https://registry.npmjs.org/@next/swc-win32-arm64-msvc/-/swc-win32-arm64-msvc-16.0.1.tgz",
      "integrity": "sha512-cPuBjYP6I699/RdbHJonb3BiRNEDm5CKEBuJ6SD8k3oLam2fDRMKAvmrli4QMDgT2ixyRJ0+DTkiODbIQhRkeQ==",
      "optional": true
    },
    "@next/swc-win32-x64-msvc": {
      "version": "16.0.1",
      "resolved": "https://registry.npmjs.org/@next/swc-win32-x64-msvc/-/swc-win32-x64-msvc-16.0.1.tgz",
      "integrity": "sha512-XeEUJsE4JYtfrXe/LaJn3z1pD19fK0Q6Er8Qoufi+HqvdO4LEPyCxLUt4rxA+4RfYo6S9gMlmzCMU2F+AatFqQ==",
      "optional": true
    }
  }
}
